{
  "pins" : [
    {
      "identity" : "files",
      "kind" : "remoteSourceControl",
      "location" : "https://github.com/johnsundell/files.git",
      "state" : {
        "revision" : "d273b5b7025d386feef79ef6bad7de762e106eaf",
        "version" : "4.2.0"
      }
    },
    {
      "identity" : "plcommand",
      "kind" : "remoteSourceControl",
      "location" : "https://github.com/Pelagornis/PLCommand.git",
      "state" : {
        "revision" : "cca5f606dd4cf5b3a8a94d43b89b0f0215537f01",
        "version" : "0.1.0"
      }
    }
  ],
  "version" : 2
}
